// !$*UTF8*$!
{
	archiveVersion = 1;
	classes = {
	};
	objectVersion = 77;
	objects = {

/* Begin PBXBuildFile section */
		A7550BD62EE7B8F8007026DC /* GRDB in Frameworks */ = {isa = PBXBuildFile; productRef = A7550BD52EE7B8F8007026DC /* GRDB */; };
		A7550BD92EE7B967007026DC /* SwiftProtobuf in Frameworks */ = {isa = PBXBuildFile; productRef = A7550BD82EE7B967007026DC /* SwiftProtobuf */; };
		A7550BE62EE7BDFE007026DC /* ZIPFoundation in Frameworks */ = {isa = PBXBuildFile; productRef = A7550BE52EE7BDFE007026DC /* ZIPFoundation */; };
		AC0000000000000000000EDF /* ActualiWidgets.appex in Embed Foundation Extensions */ = {isa = PBXBuildFile; fileRef = AC00000000000000000001DF /* ActualiWidgets.appex */; settings = {ATTRIBUTES = (RemoveHeadersOnCopy, ); }; };
/* End PBXBuildFile section */

/* Begin PBXContainerItemProxy section */
		A79D4AA12FA1F8F000D5A2DF /* PBXContainerItemProxy */ = {
			isa = PBXContainerItemProxy;
			containerPortal = A7550B7E2EE7B4F7007026DC /* Project object */;
			proxyType = 1;
			remoteGlobalIDString = A7550B852EE7B4F7007026DC;
			remoteInfo = Actuali;
		};
		AB00000000000000000010DF /* PBXContainerItemProxy */ = {
			isa = PBXContainerItemProxy;
			containerPortal = A7550B7E2EE7B4F7007026DC /* Project object */;
			proxyType = 1;
			remoteGlobalIDString = A7550B852EE7B4F7007026DC;
			remoteInfo = Actuali;
		};
		AC0000000000000000000BDF /* PBXContainerItemProxy */ = {
			isa = PBXContainerItemProxy;
			containerPortal = A7550B7E2EE7B4F7007026DC /* Project object */;
			proxyType = 1;
			remoteGlobalIDString = AC00000000000000000004DF;
			remoteInfo = ActualiWidgets;
		};
/* End PBXContainerItemProxy section */

/* Begin PBXCopyFilesBuildPhase section */
		AC0000000000000000000DDF /* Embed Foundation Extensions */ = {
			isa = PBXCopyFilesBuildPhase;
			buildActionMask = 2147483647;
			dstPath = "";
			dstSubfolderSpec = 13;
			files = (
				AC0000000000000000000EDF /* ActualiWidgets.appex in Embed Foundation Extensions */,
			);
			name = "Embed Foundation Extensions";
			runOnlyForDeploymentPostprocessing = 0;
		};
/* End PBXCopyFilesBuildPhase section */

/* Begin PBXFileReference section */
		A7550B862EE7B4F7007026DC /* Actuali.app */ = {isa = PBXFileReference; explicitFileType = wrapper.application; includeInIndex = 0; path = Actuali.app; sourceTree = BUILT_PRODUCTS_DIR; };
		A79D4A9D2FA1F8F000D5A2DF /* ActualiTests.xctest */ = {isa = PBXFileReference; explicitFileType = wrapper.cfbundle; includeInIndex = 0; path = ActualiTests.xctest; sourceTree = BUILT_PRODUCTS_DIR; };
		AB0000000000000000000BDF /* ActualiUITests.xctest */ = {isa = PBXFileReference; explicitFileType = wrapper.cfbundle; includeInIndex = 0; path = ActualiUITests.xctest; sourceTree = BUILT_PRODUCTS_DIR; };
		AC00000000000000000001DF /* ActualiWidgets.appex */ = {isa = PBXFileReference; explicitFileType = "wrapper.app-extension"; includeInIndex = 0; path = ActualiWidgets.appex; sourceTree = BUILT_PRODUCTS_DIR; };
/* End PBXFileReference section */

/* Begin PBXFileSystemSynchronizedBuildFileExceptionSet section */
		9BC4D953303766C60039054E /* Exceptions for "Actuali" folder in "Actuali" target */ = {
			isa = PBXFileSystemSynchronizedBuildFileExceptionSet;
			membershipExceptions = (
				Resources/sync.proto,
			);
			target = A7550B852EE7B4F7007026DC /* Actuali */;
		};
/* End PBXFileSystemSynchronizedBuildFileExceptionSet section */

/* Begin PBXFileSystemSynchronizedRootGroup section */
		A7550B882EE7B4F7007026DC /* Actuali */ = {
			isa = PBXFileSystemSynchronizedRootGroup;
			exceptions = (
				9BC4D953303766C60039054E /* Exceptions for "Actuali" folder in "Actuali" target */,
			);
			path = Actuali;
			sourceTree = "<group>";
		};
		A79D4A9E2FA1F8F000D5A2DF /* ActualiTests */ = {
			isa = PBXFileSystemSynchronizedRootGroup;
			path = ActualiTests;
			sourceTree = "<group>";
		};
		AB0000000000000000000ADF /* ActualiUITests */ = {
			isa = PBXFileSystemSynchronizedRootGroup;
			path = ActualiUITests;
			sourceTree = "<group>";
		};
		AC00000000000000000002DF /* ActualiWidgets */ = {
			isa = PBXFileSystemSynchronizedRootGroup;
			path = ActualiWidgets;
			sourceTree = "<group>";
		};
		AC00000000000000000003DF /* ActualiShared */ = {
			isa = PBXFileSystemSynchronizedRootGroup;
			path = ActualiShared;
			sourceTree = "<group>";
		};
/* End PBXFileSystemSynchronizedRootGroup section */

/* Begin PBXFrameworksBuildPhase section */
		A7550B832EE7B4F7007026DC /* Frameworks */ = {
			isa = PBXFrameworksBuildPhase;
			buildActionMask = 2147483647;
			files = (
				A7550BD62EE7B8F8007026DC /* GRDB in Frameworks */,
				A7550BD92EE7B967007026DC /* SwiftProtobuf in Frameworks */,
				A7550BE62EE7BDFE007026DC /* ZIPFoundation in Frameworks */,
			);
			runOnlyForDeploymentPostprocessing = 0;
		};
		A79D4A9A2FA1F8F000D5A2DF /* Frameworks */ = {
			isa = PBXFrameworksBuildPhase;
			buildActionMask = 2147483647;
			files = (
			);
			runOnlyForDeploymentPostprocessing = 0;
		};
		AB0000000000000000000EDF /* Frameworks */ = {
			isa = PBXFrameworksBuildPhase;
			buildActionMask = 2147483647;
			files = (
			);
			runOnlyForDeploymentPostprocessing = 0;
		};
		AC00000000000000000006DF /* Frameworks */ = {
			isa = PBXFrameworksBuildPhase;
			buildActionMask = 2147483647;
			files = (
			);
			runOnlyForDeploymentPostprocessing = 0;
		};
/* End PBXFrameworksBuildPhase section */

/* Begin PBXGroup section */
		A7550B7D2EE7B4F7007026DC = {
			isa = PBXGroup;
			children = (
				A7550B882EE7B4F7007026DC /* Actuali */,
				AC00000000000000000003DF /* ActualiShared */,
				AC00000000000000000002DF /* ActualiWidgets */,
				A79D4A9E2FA1F8F000D5A2DF /* ActualiTests */,
				AB0000000000000000000ADF /* ActualiUITests */,
				A7550B872EE7B4F7007026DC /* Products */,
			);
			sourceTree = "<group>";
		};
		A7550B872EE7B4F7007026DC /* Products */ = {
			isa = PBXGroup;
			children = (
				A7550B862EE7B4F7007026DC /* Actuali.app */,
				AC00000000000000000001DF /* ActualiWidgets.appex */,
				A79D4A9D2FA1F8F000D5A2DF /* ActualiTests.xctest */,
				AB0000000000000000000BDF /* ActualiUITests.xctest */,
			);
			name = Products;
			sourceTree = "<group>";
		};
/* End PBXGroup section */

/* Begin PBXNativeTarget section */
		A7550B852EE7B4F7007026DC /* Actuali */ = {
			isa = PBXNativeTarget;
			buildConfigurationList = A7550B912EE7B4F9007026DC /* Build configuration list for PBXNativeTarget "Actuali" */;
			buildPhases = (
				A7550B822EE7B4F7007026DC /* Sources */,
				A7550B832EE7B4F7007026DC /* Frameworks */,
				A7550B842EE7B4F7007026DC /* Resources */,
				AC0000000000000000000DDF /* Embed Foundation Extensions */,
				A7550BC02EE7B600007026DC /* Stamp Build Number */,
			);
			buildRules = (
			);
			dependencies = (
				AC0000000000000000000CDF /* PBXTargetDependency */,
			);
			fileSystemSynchronizedGroups = (
				A7550B882EE7B4F7007026DC /* Actuali */,
				AC00000000000000000003DF /* ActualiShared */,
			);
			name = Actuali;
			packageProductDependencies = (
				A7550BD52EE7B8F8007026DC /* GRDB */,
				A7550BD82EE7B967007026DC /* SwiftProtobuf */,
				A7550BE52EE7BDFE007026DC /* ZIPFoundation */,
			);
			productName = Actuali;
			productReference = A7550B862EE7B4F7007026DC /* Actuali.app */;
			productType = "com.apple.product-type.application";
		};
		A79D4A9C2FA1F8F000D5A2DF /* ActualiTests */ = {
			isa = PBXNativeTarget;
			buildConfigurationList = A79D4AA32FA1F8F000D5A2DF /* Build configuration list for PBXNativeTarget "ActualiTests" */;
			buildPhases = (
				A79D4A992FA1F8F000D5A2DF /* Sources */,
				A79D4A9A2FA1F8F000D5A2DF /* Frameworks */,
				A79D4A9B2FA1F8F000D5A2DF /* Resources */,
			);
			buildRules = (
			);
			dependencies = (
				A79D4AA22FA1F8F000D5A2DF /* PBXTargetDependency */,
			);
			fileSystemSynchronizedGroups = (
				A79D4A9E2FA1F8F000D5A2DF /* ActualiTests */,
			);
			name = ActualiTests;
			packageProductDependencies = (
			);
			productName = ActualiTests;
			productReference = A79D4A9D2FA1F8F000D5A2DF /* ActualiTests.xctest */;
			productType = "com.apple.product-type.bundle.unit-test";
		};
		AB0000000000000000000CDF /* ActualiUITests */ = {
			isa = PBXNativeTarget;
			buildConfigurationList = AB00000000000000000012DF /* Build configuration list for PBXNativeTarget "ActualiUITests" */;
			buildPhases = (
				AB0000000000000000000DDF /* Sources */,
				AB0000000000000000000EDF /* Frameworks */,
				AB0000000000000000000FDF /* Resources */,
			);
			buildRules = (
			);
			dependencies = (
				AB00000000000000000011DF /* PBXTargetDependency */,
			);
			fileSystemSynchronizedGroups = (
				AB0000000000000000000ADF /* ActualiUITests */,
			);
			name = ActualiUITests;
			packageProductDependencies = (
			);
			productName = ActualiUITests;
			productReference = AB0000000000000000000BDF /* ActualiUITests.xctest */;
			productType = "com.apple.product-type.bundle.ui-testing";
		};
		AC00000000000000000004DF /* ActualiWidgets */ = {
			isa = PBXNativeTarget;
			buildConfigurationList = AC00000000000000000008DF /* Build configuration list for PBXNativeTarget "ActualiWidgets" */;
			buildPhases = (
				AC00000000000000000005DF /* Sources */,
				AC00000000000000000006DF /* Frameworks */,
				AC00000000000000000007DF /* Resources */,
				AC0000000000000000000FDF /* Stamp Build Number */,
			);
			buildRules = (
			);
			dependencies = (
			);
			fileSystemSynchronizedGroups = (
				AC00000000000000000002DF /* ActualiWidgets */,
				AC00000000000000000003DF /* ActualiShared */,
			);
			name = ActualiWidgets;
			packageProductDependencies = (
			);
			productName = ActualiWidgets;
			productReference = AC00000000000000000001DF /* ActualiWidgets.appex */;
			productType = "com.apple.product-type.app-extension";
		};
/* End PBXNativeTarget section */

/* Begin PBXProject section */
		A7550B7E2EE7B4F7007026DC /* Project object */ = {
			isa = PBXProject;
			attributes = {
				BuildIndependentTargetsInParallel = 1;
				LastSwiftUpdateCheck = 2640;
				LastUpgradeCheck = 2640;
				TargetAttributes = {
					A7550B852EE7B4F7007026DC = {
						CreatedOnToolsVersion = 26.1.1;
					};
					A79D4A9C2FA1F8F000D5A2DF = {
						CreatedOnToolsVersion = 26.4.1;
						TestTargetID = A7550B852EE7B4F7007026DC;
					};
					AB0000000000000000000CDF = {
						CreatedOnToolsVersion = 26.4.1;
						TestTargetID = A7550B852EE7B4F7007026DC;
					};
				};
			};
			buildConfigurationList = A7550B812EE7B4F7007026DC /* Build configuration list for PBXProject "Actuali" */;
			developmentRegion = en;
			hasScannedForEncodings = 0;
			knownRegions = (
				en,
					fr,
					es,
					"pt-BR",
					de,
					it,
					nl,
				Base,
			);
			mainGroup = A7550B7D2EE7B4F7007026DC;
			minimizedProjectReferenceProxies = 1;
			packageReferences = (
				A7550BD22EE7B8F8007026DC /* XCRemoteSwiftPackageReference "GRDB" */,
				A7550BD72EE7B967007026DC /* XCRemoteSwiftPackageReference "swift-protobuf" */,
				A7550BE42EE7BDFE007026DC /* XCRemoteSwiftPackageReference "ZIPFoundation" */,
			);
			preferredProjectObjectVersion = 77;
			productRefGroup = A7550B872EE7B4F7007026DC /* Products */;
			projectDirPath = "";
			projectRoot = "";
			targets = (
				A7550B852EE7B4F7007026DC /* Actuali */,
				AC00000000000000000004DF /* ActualiWidgets */,
				A79D4A9C2FA1F8F000D5A2DF /* ActualiTests */,
				AB0000000000000000000CDF /* ActualiUITests */,
			);
		};
/* End PBXProject section */

/* Begin PBXResourcesBuildPhase section */
		A7550B842EE7B4F7007026DC /* Resources */ = {
			isa = PBXResourcesBuildPhase;
			buildActionMask = 2147483647;
			files = (
			);
			runOnlyForDeploymentPostprocessing = 0;
		};
		A79D4A9B2FA1F8F000D5A2DF /* Resources */ = {
			isa = PBXResourcesBuildPhase;
			buildActionMask = 2147483647;
			files = (
			);
			runOnlyForDeploymentPostprocessing = 0;
		};
		AB0000000000000000000FDF /* Resources */ = {
			isa = PBXResourcesBuildPhase;
			buildActionMask = 2147483647;
			files = (
			);
			runOnlyForDeploymentPostprocessing = 0;
		};
		AC00000000000000000007DF /* Resources */ = {
			isa = PBXResourcesBuildPhase;
			buildActionMask = 2147483647;
			files = (
			);
			runOnlyForDeploymentPostprocessing = 0;
		};
/* End PBXResourcesBuildPhase section */

/* Begin PBXShellScriptBuildPhase section */
		A7550BC02EE7B600007026DC /* Stamp Build Number */ = {
			isa = PBXShellScriptBuildPhase;
			alwaysOutOfDate = 1;
			buildActionMask = 2147483647;
			files = (
			);
			inputFileListPaths = (
			);
			inputPaths = (
				"$(TARGET_BUILD_DIR)/$(INFOPLIST_PATH)",
			);
			name = "Stamp Build Number";
			outputFileListPaths = (
			);
			outputPaths = (
			);
			runOnlyForDeploymentPostprocessing = 0;
			shellPath = /bin/sh;
			shellScript = "# Auto-number builds: CFBundleVersion = 100 + git commit count, stamped into\n# the built product so archives number themselves and PRs never touch\n# CURRENT_PROJECT_VERSION (which remains the fallback when git is absent).\n# Archive from main so the count only moves forward.\nPLIST=\"${TARGET_BUILD_DIR}/${INFOPLIST_PATH}\"\nif COUNT=$(git -C \"${SRCROOT}\" rev-list --count HEAD 2>/dev/null); then\n  /usr/libexec/PlistBuddy -c \"Set :CFBundleVersion $((COUNT + 100))\" \"${PLIST}\"\nfi\n";
		};
		AC0000000000000000000FDF /* Stamp Build Number */ = {
			isa = PBXShellScriptBuildPhase;
			alwaysOutOfDate = 1;
			buildActionMask = 2147483647;
			files = (
			);
			inputFileListPaths = (
			);
			inputPaths = (
				"$(TARGET_BUILD_DIR)/$(INFOPLIST_PATH)",
			);
			name = "Stamp Build Number";
			outputFileListPaths = (
			);
			outputPaths = (
			);
			runOnlyForDeploymentPostprocessing = 0;
			shellPath = /bin/sh;
			shellScript = "# Same stamp as the app target: App Store validation requires an extension's\n# CFBundleVersion to match its containing app, so the widget must number\n# itself identically.\nPLIST=\"${TARGET_BUILD_DIR}/${INFOPLIST_PATH}\"\nif COUNT=$(git -C \"${SRCROOT}\" rev-list --count HEAD 2>/dev/null); then\n  /usr/libexec/PlistBuddy -c \"Set :CFBundleVersion $((COUNT + 100))\" \"${PLIST}\"\nfi\n";
		};
/* End PBXShellScriptBuildPhase section */

/* Begin PBXSourcesBuildPhase section */
		A7550B822EE7B4F7007026DC /* Sources */ = {
			isa = PBXSourcesBuildPhase;
			buildActionMask = 2147483647;
			files = (
			);
			runOnlyForDeploymentPostprocessing = 0;
		};
		A79D4A992FA1F8F000D5A2DF /* Sources */ = {
			isa = PBXSourcesBuildPhase;
			buildActionMask = 2147483647;
			files = (
			);
			runOnlyForDeploymentPostprocessing = 0;
		};
		AB0000000000000000000DDF /* Sources */ = {
			isa = PBXSourcesBuildPhase;
			buildActionMask = 2147483647;
			files = (
			);
			runOnlyForDeploymentPostprocessing = 0;
		};
		AC00000000000000000005DF /* Sources */ = {
			isa = PBXSourcesBuildPhase;
			buildActionMask = 2147483647;
			files = (
			);
			runOnlyForDeploymentPostprocessing = 0;
		};
/* End PBXSourcesBuildPhase section */

/* Begin PBXTargetDependency section */
		A79D4AA22FA1F8F000D5A2DF /* PBXTargetDependency */ = {
			isa = PBXTargetDependency;
			target = A7550B852EE7B4F7007026DC /* Actuali */;
			targetProxy = A79D4AA12FA1F8F000D5A2DF /* PBXContainerItemProxy */;
		};
		AB00000000000000000011DF /* PBXTargetDependency */ = {
			isa = PBXTargetDependency;
			target = A7550B852EE7B4F7007026DC /* Actuali */;
			targetProxy = AB00000000000000000010DF /* PBXContainerItemProxy */;
		};
		AC0000000000000000000CDF /* PBXTargetDependency */ = {
			isa = PBXTargetDependency;
			target = AC00000000000000000004DF /* ActualiWidgets */;
			targetProxy = AC0000000000000000000BDF /* PBXContainerItemProxy */;
		};
/* End PBXTargetDependency section */

/* Begin XCBuildConfiguration section */
		A7550B8F2EE7B4F9007026DC /* Debug */ = {
			isa = XCBuildConfiguration;
			buildSettings = {
				ALWAYS_SEARCH_USER_PATHS = NO;
				ASSETCATALOG_COMPILER_GENERATE_SWIFT_ASSET_SYMBOL_EXTENSIONS = YES;
				CLANG_ANALYZER_NONNULL = YES;
				CLANG_ANALYZER_NUMBER_OBJECT_CONVERSION = YES_AGGRESSIVE;
				CLANG_CXX_LANGUAGE_STANDARD = "gnu++20";
				CLANG_ENABLE_MODULES = YES;
				CLANG_ENABLE_OBJC_ARC = YES;
				CLANG_ENABLE_OBJC_WEAK = YES;
				CLANG_WARN_BLOCK_CAPTURE_AUTORELEASING = YES;
				CLANG_WARN_BOOL_CONVERSION = YES;
				CLANG_WARN_COMMA = YES;
				CLANG_WARN_CONSTANT_CONVERSION = YES;
				CLANG_WARN_DEPRECATED_OBJC_IMPLEMENTATIONS = YES;
				CLANG_WARN_DIRECT_OBJC_ISA_USAGE = YES_ERROR;
				CLANG_WARN_DOCUMENTATION_COMMENTS = YES;
				CLANG_WARN_EMPTY_BODY = YES;
				CLANG_WARN_ENUM_CONVERSION = YES;
				CLANG_WARN_INFINITE_RECURSION = YES;
				CLANG_WARN_INT_CONVERSION = YES;
				CLANG_WARN_NON_LITERAL_NULL_CONVERSION = YES;
				CLANG_WARN_OBJC_IMPLICIT_RETAIN_SELF = YES;
				CLANG_WARN_OBJC_LITERAL_CONVERSION = YES;
				CLANG_WARN_OBJC_ROOT_CLASS = YES_ERROR;
				CLANG_WARN_QUOTED_INCLUDE_IN_FRAMEWORK_HEADER = YES;
				CLANG_WARN_RANGE_LOOP_ANALYSIS = YES;
				CLANG_WARN_STRICT_PROTOTYPES = YES;
				CLANG_WARN_SUSPICIOUS_MOVE = YES;
				CLANG_WARN_UNGUARDED_AVAILABILITY = YES_AGGRESSIVE;
				CLANG_WARN_UNREACHABLE_CODE = YES;
				CLANG_WARN__DUPLICATE_METHOD_MATCH = YES;
				COPY_PHASE_STRIP = NO;
				CURRENT_PROJECT_VERSION = 88;
				DEBUG_INFORMATION_FORMAT = dwarf;
				DEVELOPMENT_TEAM = GJGY9A384M;
				ENABLE_STRICT_OBJC_MSGSEND = YES;
				ENABLE_TESTABILITY = YES;
				ENABLE_USER_SCRIPT_SANDBOXING = YES;
				GCC_C_LANGUAGE_STANDARD = gnu17;
				GCC_DYNAMIC_NO_PIC = NO;
				GCC_NO_COMMON_BLOCKS = YES;
				GCC_OPTIMIZATION_LEVEL = 0;
				GCC_PREPROCESSOR_DEFINITIONS = (
					"DEBUG=1",
					"$(inherited)",
				);
				GCC_WARN_64_TO_32_BIT_CONVERSION = YES;
				GCC_WARN_ABOUT_RETURN_TYPE = YES_ERROR;
				GCC_WARN_UNDECLARED_SELECTOR = YES;
				GCC_WARN_UNINITIALIZED_AUTOS = YES_AGGRESSIVE;
				GCC_WARN_UNUSED_FUNCTION = YES;
				GCC_WARN_UNUSED_VARIABLE = YES;
				IPHONEOS_DEPLOYMENT_TARGET = 18.0;
				LOCALIZATION_PREFERS_STRING_CATALOGS = YES;
				MARKETING_VERSION = 1.0.12;
				MTL_ENABLE_DEBUG_INFO = INCLUDE_SOURCE;
				MTL_FAST_MATH = YES;
				ONLY_ACTIVE_ARCH = YES;
				SDKROOT = iphoneos;
				STRING_CATALOG_GENERATE_SYMBOLS = YES;
				SWIFT_ACTIVE_COMPILATION_CONDITIONS = "DEBUG $(inherited)";
				SWIFT_OPTIMIZATION_LEVEL = "-Onone";
				SWIFT_UPCOMING_FEATURE_CONCISE_MAGIC_FILE = YES;
				SWIFT_UPCOMING_FEATURE_DEPRECATE_APPLICATION_MAIN = YES;
				SWIFT_UPCOMING_FEATURE_DISABLE_OUTWARD_ACTOR_ISOLATION = YES;
				SWIFT_UPCOMING_FEATURE_DYNAMIC_ACTOR_ISOLATION = YES;
				SWIFT_UPCOMING_FEATURE_EXISTENTIAL_ANY = YES;
				SWIFT_UPCOMING_FEATURE_FORWARD_TRAILING_CLOSURES = YES;
				SWIFT_UPCOMING_FEATURE_GLOBAL_ACTOR_ISOLATED_TYPES_USABILITY = YES;
				SWIFT_UPCOMING_FEATURE_GLOBAL_CONCURRENCY = YES;
				SWIFT_UPCOMING_FEATURE_IMPLICIT_OPEN_EXISTENTIALS = YES;
				SWIFT_UPCOMING_FEATURE_IMPORT_OBJC_FORWARD_DECLS = YES;
				SWIFT_UPCOMING_FEATURE_INFER_ISOLATED_CONFORMANCES = YES;
				SWIFT_UPCOMING_FEATURE_INFER_SENDABLE_FROM_CAPTURES = YES;
				SWIFT_UPCOMING_FEATURE_INTERNAL_IMPORTS_BY_DEFAULT = YES;
				SWIFT_UPCOMING_FEATURE_ISOLATED_DEFAULT_VALUES = YES;
				SWIFT_UPCOMING_FEATURE_MEMBER_IMPORT_VISIBILITY = YES;
				SWIFT_UPCOMING_FEATURE_NONFROZEN_ENUM_EXHAUSTIVITY = YES;
				SWIFT_UPCOMING_FEATURE_NONISOLATED_NONSENDING_BY_DEFAULT = YES;
				SWIFT_UPCOMING_FEATURE_REGION_BASED_ISOLATION = YES;
				SWIFT_VERSION = 6.0;
			};
			name = Debug;
		};
		A7550B902EE7B4F9007026DC /* Release */ = {
			isa = XCBuildConfiguration;
			buildSettings = {
				ALWAYS_SEARCH_USER_PATHS = NO;
				ASSETCATALOG_COMPILER_GENERATE_SWIFT_ASSET_SYMBOL_EXTENSIONS = YES;
				CLANG_ANALYZER_NONNULL = YES;
				CLANG_ANALYZER_NUMBER_OBJECT_CONVERSION = YES_AGGRESSIVE;
				CLANG_CXX_LANGUAGE_STANDARD = "gnu++20";
				CLANG_ENABLE_MODULES = YES;
				CLANG_ENABLE_OBJC_ARC = YES;
				CLANG_ENABLE_OBJC_WEAK = YES;
				CLANG_WARN_BLOCK_CAPTURE_AUTORELEASING = YES;
				CLANG_WARN_BOOL_CONVERSION = YES;
				CLANG_WARN_COMMA = YES;
				CLANG_WARN_CONSTANT_CONVERSION = YES;
				CLANG_WARN_DEPRECATED_OBJC_IMPLEMENTATIONS = YES;
				CLANG_WARN_DIRECT_OBJC_ISA_USAGE = YES_ERROR;
				CLANG_WARN_DOCUMENTATION_COMMENTS = YES;
				CLANG_WARN_EMPTY_BODY = YES;
				CLANG_WARN_ENUM_CONVERSION = YES;
				CLANG_WARN_INFINITE_RECURSION = YES;
				CLANG_WARN_INT_CONVERSION = YES;
				CLANG_WARN_NON_LITERAL_NULL_CONVERSION = YES;
				CLANG_WARN_OBJC_IMPLICIT_RETAIN_SELF = YES;
				CLANG_WARN_OBJC_LITERAL_CONVERSION = YES;
				CLANG_WARN_OBJC_ROOT_CLASS = YES_ERROR;
				CLANG_WARN_QUOTED_INCLUDE_IN_FRAMEWORK_HEADER = YES;
				CLANG_WARN_RANGE_LOOP_ANALYSIS = YES;
				CLANG_WARN_STRICT_PROTOTYPES = YES;
				CLANG_WARN_SUSPICIOUS_MOVE = YES;
				CLANG_WARN_UNGUARDED_AVAILABILITY = YES_AGGRESSIVE;
				CLANG_WARN_UNREACHABLE_CODE = YES;
				CLANG_WARN__DUPLICATE_METHOD_MATCH = YES;
				COPY_PHASE_STRIP = NO;
				CURRENT_PROJECT_VERSION = 88;
				DEBUG_INFORMATION_FORMAT = "dwarf-with-dsym";
				DEVELOPMENT_TEAM = GJGY9A384M;
				ENABLE_NS_ASSERTIONS = NO;
				ENABLE_STRICT_OBJC_MSGSEND = YES;
				ENABLE_USER_SCRIPT_SANDBOXING = YES;
				GCC_C_LANGUAGE_STANDARD = gnu17;
				GCC_NO_COMMON_BLOCKS = YES;
				GCC_WARN_64_TO_32_BIT_CONVERSION = YES;
				GCC_WARN_ABOUT_RETURN_TYPE = YES_ERROR;
				GCC_WARN_UNDECLARED_SELECTOR = YES;
				GCC_WARN_UNINITIALIZED_AUTOS = YES_AGGRESSIVE;
				GCC_WARN_UNUSED_FUNCTION = YES;
				GCC_WARN_UNUSED_VARIABLE = YES;
				IPHONEOS_DEPLOYMENT_TARGET = 18.0;
				LOCALIZATION_PREFERS_STRING_CATALOGS = YES;
				MARKETING_VERSION = 1.0.12;
				MTL_ENABLE_DEBUG_INFO = NO;
				MTL_FAST_MATH = YES;
				SDKROOT = iphoneos;
				STRING_CATALOG_GENERATE_SYMBOLS = YES;
				SWIFT_COMPILATION_MODE = wholemodule;
				SWIFT_UPCOMING_FEATURE_CONCISE_MAGIC_FILE = YES;
				SWIFT_UPCOMING_FEATURE_DEPRECATE_APPLICATION_MAIN = YES;
				SWIFT_UPCOMING_FEATURE_DISABLE_OUTWARD_ACTOR_ISOLATION = YES;
				SWIFT_UPCOMING_FEATURE_DYNAMIC_ACTOR_ISOLATION = YES;
				SWIFT_UPCOMING_FEATURE_EXISTENTIAL_ANY = YES;
				SWIFT_UPCOMING_FEATURE_FORWARD_TRAILING_CLOSURES = YES;
				SWIFT_UPCOMING_FEATURE_GLOBAL_ACTOR_ISOLATED_TYPES_USABILITY = YES;
				SWIFT_UPCOMING_FEATURE_GLOBAL_CONCURRENCY = YES;
				SWIFT_UPCOMING_FEATURE_IMPLICIT_OPEN_EXISTENTIALS = YES;
				SWIFT_UPCOMING_FEATURE_IMPORT_OBJC_FORWARD_DECLS = YES;
				SWIFT_UPCOMING_FEATURE_INFER_ISOLATED_CONFORMANCES = YES;
				SWIFT_UPCOMING_FEATURE_INFER_SENDABLE_FROM_CAPTURES = YES;
				SWIFT_UPCOMING_FEATURE_INTERNAL_IMPORTS_BY_DEFAULT = YES;
				SWIFT_UPCOMING_FEATURE_ISOLATED_DEFAULT_VALUES = YES;
				SWIFT_UPCOMING_FEATURE_MEMBER_IMPORT_VISIBILITY = YES;
				SWIFT_UPCOMING_FEATURE_NONFROZEN_ENUM_EXHAUSTIVITY = YES;
				SWIFT_UPCOMING_FEATURE_NONISOLATED_NONSENDING_BY_DEFAULT = YES;
				SWIFT_UPCOMING_FEATURE_REGION_BASED_ISOLATION = YES;
				SWIFT_VERSION = 6.0;
				VALIDATE_PRODUCT = YES;
			};
			name = Release;
		};
		A7550B922EE7B4F9007026DC /* Debug */ = {
			isa = XCBuildConfiguration;
			buildSettings = {
				ASSETCATALOG_COMPILER_APPICON_NAME = AppIcon;
				ASSETCATALOG_COMPILER_GLOBAL_ACCENT_COLOR_NAME = AccentColor;
				CODE_SIGN_ENTITLEMENTS = Actuali.entitlements;
				CODE_SIGN_STYLE = Automatic;
				DEVELOPMENT_TEAM = GJGY9A384M;
				ENABLE_PREVIEWS = YES;
				ENABLE_USER_SCRIPT_SANDBOXING = NO;
				GENERATE_INFOPLIST_FILE = YES;
				INFOPLIST_FILE = "Info-Debug.plist";
				INFOPLIST_KEY_CFBundleDisplayName = Actuali;
				INFOPLIST_KEY_ITSAppUsesNonExemptEncryption = NO;
				INFOPLIST_KEY_LSRequiresIPhoneOS = YES;
				INFOPLIST_KEY_NSFinancialDataUsageDescription = "Actuali imports the Wallet transactions you select into your budget. They are stored in your budget file on your own server.";
				INFOPLIST_KEY_NSLocationWhenInUseUsageDescription = "Actuali uses your location to suggest nearby payees and remember where you transact. Location data stays in your budget file on your own server.";
				INFOPLIST_KEY_UIApplicationSceneManifest_Generation = YES;
				INFOPLIST_KEY_UIApplicationSupportsIndirectInputEvents = YES;
				INFOPLIST_KEY_UILaunchScreen_Generation = YES;
				INFOPLIST_KEY_UISupportedInterfaceOrientations = UIInterfaceOrientationPortrait;
				INFOPLIST_KEY_UISupportedInterfaceOrientations_iPad = "UIInterfaceOrientationPortrait UIInterfaceOrientationPortraitUpsideDown UIInterfaceOrientationLandscapeLeft UIInterfaceOrientationLandscapeRight";
				LD_RUNPATH_SEARCH_PATHS = (
					"$(inherited)",
					"@executable_path/Frameworks",
				);
				LOCALIZATION_EXPORT_SUPPORTED = NO;
				PRODUCT_BUNDLE_IDENTIFIER = com.mfazz.ActualiOS;
				PRODUCT_NAME = "$(TARGET_NAME)";
				STRING_CATALOG_GENERATE_SYMBOLS = YES;
				SUPPORTS_MACCATALYST = NO;
				SUPPORTS_MAC_DESIGNED_FOR_IPHONE_IPAD = NO;
				SUPPORTS_XR_DESIGNED_FOR_IPHONE_IPAD = NO;
				SWIFT_APPROACHABLE_CONCURRENCY = YES;
				SWIFT_EMIT_LOC_STRINGS = NO;
				SWIFT_STRICT_CONCURRENCY = complete;
				SWIFT_UPCOMING_FEATURE_GLOBAL_CONCURRENCY = YES;
				SWIFT_UPCOMING_FEATURE_MEMBER_IMPORT_VISIBILITY = YES;
				SWIFT_UPCOMING_FEATURE_REGION_BASED_ISOLATION = YES;
				SWIFT_VERSION = 6.0;
				TARGETED_DEVICE_FAMILY = "1,2";
			};
			name = Debug;
		};
		A7550B932EE7B4F9007026DC /* Release */ = {
			isa = XCBuildConfiguration;
			buildSettings = {
				ASSETCATALOG_COMPILER_APPICON_NAME = AppIcon;
				ASSETCATALOG_COMPILER_GLOBAL_ACCENT_COLOR_NAME = AccentColor;
				CODE_SIGN_ENTITLEMENTS = Actuali.entitlements;
				CODE_SIGN_STYLE = Automatic;
				DEVELOPMENT_TEAM = GJGY9A384M;
				ENABLE_PREVIEWS = YES;
				ENABLE_USER_SCRIPT_SANDBOXING = NO;
				GENERATE_INFOPLIST_FILE = YES;
				INFOPLIST_FILE = "Info-Release.plist";
				INFOPLIST_KEY_CFBundleDisplayName = Actuali;
				INFOPLIST_KEY_ITSAppUsesNonExemptEncryption = NO;
				INFOPLIST_KEY_LSRequiresIPhoneOS = YES;
				INFOPLIST_KEY_NSFinancialDataUsageDescription = "Actuali imports the Wallet transactions you select into your budget. They are stored in your budget file on your own server.";
				INFOPLIST_KEY_NSLocationWhenInUseUsageDescription = "Actuali uses your location to suggest nearby payees and remember where you transact. Location data stays in your budget file on your own server.";
				INFOPLIST_KEY_UIApplicationSceneManifest_Generation = YES;
				INFOPLIST_KEY_UIApplicationSupportsIndirectInputEvents = YES;
				INFOPLIST_KEY_UILaunchScreen_Generation = YES;
				INFOPLIST_KEY_UISupportedInterfaceOrientations = UIInterfaceOrientationPortrait;
				INFOPLIST_KEY_UISupportedInterfaceOrientations_iPad = "UIInterfaceOrientationPortrait UIInterfaceOrientationPortraitUpsideDown UIInterfaceOrientationLandscapeLeft UIInterfaceOrientationLandscapeRight";
				LD_RUNPATH_SEARCH_PATHS = (
					"$(inherited)",
					"@executable_path/Frameworks",
				);
				LOCALIZATION_EXPORT_SUPPORTED = NO;
				PRODUCT_BUNDLE_IDENTIFIER = com.mfazz.ActualiOS;
				PRODUCT_NAME = "$(TARGET_NAME)";
				STRING_CATALOG_GENERATE_SYMBOLS = YES;
				SUPPORTS_MACCATALYST = NO;
				SUPPORTS_MAC_DESIGNED_FOR_IPHONE_IPAD = NO;
				SUPPORTS_XR_DESIGNED_FOR_IPHONE_IPAD = NO;
				SWIFT_APPROACHABLE_CONCURRENCY = YES;
				SWIFT_EMIT_LOC_STRINGS = NO;
				SWIFT_STRICT_CONCURRENCY = complete;
				SWIFT_UPCOMING_FEATURE_GLOBAL_CONCURRENCY = YES;
				SWIFT_UPCOMING_FEATURE_MEMBER_IMPORT_VISIBILITY = YES;
				SWIFT_UPCOMING_FEATURE_REGION_BASED_ISOLATION = YES;
				SWIFT_VERSION = 6.0;
				TARGETED_DEVICE_FAMILY = "1,2";
			};
			name = Release;
		};
		A79D4AA42FA1F8F000D5A2DF /* Debug */ = {
			isa = XCBuildConfiguration;
			buildSettings = {
				BUNDLE_LOADER = "$(TEST_HOST)";
				CODE_SIGN_STYLE = Automatic;
				CURRENT_PROJECT_VERSION = 1;
				DEVELOPMENT_TEAM = GJGY9A384M;
				GENERATE_INFOPLIST_FILE = YES;
				MARKETING_VERSION = 1.0;
				PRODUCT_BUNDLE_IDENTIFIER = com.mfazz.ActualiOSTests;
				PRODUCT_NAME = "$(TARGET_NAME)";
				STRING_CATALOG_GENERATE_SYMBOLS = NO;
				SWIFT_APPROACHABLE_CONCURRENCY = YES;
				SWIFT_EMIT_LOC_STRINGS = NO;
				SWIFT_UPCOMING_FEATURE_MEMBER_IMPORT_VISIBILITY = YES;
				SWIFT_VERSION = 6.0;
				TARGETED_DEVICE_FAMILY = "1,2";
				TEST_HOST = "$(BUILT_PRODUCTS_DIR)/Actuali.app/$(BUNDLE_EXECUTABLE_FOLDER_PATH)/Actuali";
			};
			name = Debug;
		};
		A79D4AA52FA1F8F000D5A2DF /* Release */ = {
			isa = XCBuildConfiguration;
			buildSettings = {
				BUNDLE_LOADER = "$(TEST_HOST)";
				CODE_SIGN_STYLE = Automatic;
				CURRENT_PROJECT_VERSION = 1;
				DEVELOPMENT_TEAM = GJGY9A384M;
				GENERATE_INFOPLIST_FILE = YES;
				MARKETING_VERSION = 1.0;
				PRODUCT_BUNDLE_IDENTIFIER = com.mfazz.ActualiOSTests;
				PRODUCT_NAME = "$(TARGET_NAME)";
				STRING_CATALOG_GENERATE_SYMBOLS = NO;
				SWIFT_APPROACHABLE_CONCURRENCY = YES;
				SWIFT_EMIT_LOC_STRINGS = NO;
				SWIFT_UPCOMING_FEATURE_MEMBER_IMPORT_VISIBILITY = YES;
				SWIFT_VERSION = 6.0;
				TARGETED_DEVICE_FAMILY = "1,2";
				TEST_HOST = "$(BUILT_PRODUCTS_DIR)/Actuali.app/$(BUNDLE_EXECUTABLE_FOLDER_PATH)/Actuali";
			};
			name = Release;
		};
		AB00000000000000000013DF /* Debug */ = {
			isa = XCBuildConfiguration;
			buildSettings = {
				CODE_SIGN_STYLE = Automatic;
				CURRENT_PROJECT_VERSION = 1;
				DEVELOPMENT_TEAM = GJGY9A384M;
				GENERATE_INFOPLIST_FILE = YES;
				MARKETING_VERSION = 1.0;
				PRODUCT_BUNDLE_IDENTIFIER = com.mfazz.ActualiOSUITests;
				PRODUCT_NAME = "$(TARGET_NAME)";
				SWIFT_EMIT_LOC_STRINGS = NO;
				SWIFT_VERSION = 6.0;
				TARGETED_DEVICE_FAMILY = "1,2";
				TEST_TARGET_NAME = Actuali;
			};
			name = Debug;
		};
		AB00000000000000000014DF /* Release */ = {
			isa = XCBuildConfiguration;
			buildSettings = {
				CODE_SIGN_STYLE = Automatic;
				CURRENT_PROJECT_VERSION = 1;
				DEVELOPMENT_TEAM = GJGY9A384M;
				GENERATE_INFOPLIST_FILE = YES;
				MARKETING_VERSION = 1.0;
				PRODUCT_BUNDLE_IDENTIFIER = com.mfazz.ActualiOSUITests;
				PRODUCT_NAME = "$(TARGET_NAME)";
				SWIFT_EMIT_LOC_STRINGS = NO;
				SWIFT_VERSION = 6.0;
				TARGETED_DEVICE_FAMILY = "1,2";
				TEST_TARGET_NAME = Actuali;
			};
			name = Release;
		};
		AC00000000000000000009DF /* Debug */ = {
			isa = XCBuildConfiguration;
			buildSettings = {
				CODE_SIGN_ENTITLEMENTS = ActualiWidgets.entitlements;
				CODE_SIGN_STYLE = Automatic;
				DEVELOPMENT_TEAM = GJGY9A384M;
				ENABLE_USER_SCRIPT_SANDBOXING = NO;
				GENERATE_INFOPLIST_FILE = YES;
				INFOPLIST_FILE = "ActualiWidgets-Info.plist";
				INFOPLIST_KEY_CFBundleDisplayName = Actuali;
				LD_RUNPATH_SEARCH_PATHS = (
					"$(inherited)",
					"@executable_path/Frameworks",
					"@executable_path/../../Frameworks",
				);
				LOCALIZATION_EXPORT_SUPPORTED = NO;
				PRODUCT_BUNDLE_IDENTIFIER = com.mfazz.ActualiOS.Widgets;
				PRODUCT_NAME = "$(TARGET_NAME)";
				SKIP_INSTALL = YES;
				SWIFT_EMIT_LOC_STRINGS = NO;
				SWIFT_UPCOMING_FEATURE_MEMBER_IMPORT_VISIBILITY = YES;
				SWIFT_VERSION = 6.0;
				TARGETED_DEVICE_FAMILY = "1,2";
			};
			name = Debug;
		};
		AC0000000000000000000ADF /* Release */ = {
			isa = XCBuildConfiguration;
			buildSettings = {
				CODE_SIGN_ENTITLEMENTS = ActualiWidgets.entitlements;
				CODE_SIGN_STYLE = Automatic;
				DEVELOPMENT_TEAM = GJGY9A384M;
				ENABLE_USER_SCRIPT_SANDBOXING = NO;
				GENERATE_INFOPLIST_FILE = YES;
				INFOPLIST_FILE = "ActualiWidgets-Info.plist";
				INFOPLIST_KEY_CFBundleDisplayName = Actuali;
				LD_RUNPATH_SEARCH_PATHS = (
					"$(inherited)",
					"@executable_path/Frameworks",
					"@executable_path/../../Frameworks",
				);
				LOCALIZATION_EXPORT_SUPPORTED = NO;
				PRODUCT_BUNDLE_IDENTIFIER = com.mfazz.ActualiOS.Widgets;
				PRODUCT_NAME = "$(TARGET_NAME)";
				SKIP_INSTALL = YES;
				SWIFT_EMIT_LOC_STRINGS = NO;
				SWIFT_UPCOMING_FEATURE_MEMBER_IMPORT_VISIBILITY = YES;
				SWIFT_VERSION = 6.0;
				TARGETED_DEVICE_FAMILY = "1,2";
			};
			name = Release;
		};
/* End XCBuildConfiguration section */

/* Begin XCConfigurationList section */
		A7550B812EE7B4F7007026DC /* Build configuration list for PBXProject "Actuali" */ = {
			isa = XCConfigurationList;
			buildConfigurations = (
				A7550B8F2EE7B4F9007026DC /* Debug */,
				A7550B902EE7B4F9007026DC /* Release */,
			);
			defaultConfigurationIsVisible = 0;
			defaultConfigurationName = Release;
		};
		A7550B912EE7B4F9007026DC /* Build configuration list for PBXNativeTarget "Actuali" */ = {
			isa = XCConfigurationList;
			buildConfigurations = (
				A7550B922EE7B4F9007026DC /* Debug */,
				A7550B932EE7B4F9007026DC /* Release */,
			);
			defaultConfigurationIsVisible = 0;
			defaultConfigurationName = Release;
		};
		A79D4AA32FA1F8F000D5A2DF /* Build configuration list for PBXNativeTarget "ActualiTests" */ = {
			isa = XCConfigurationList;
			buildConfigurations = (
				A79D4AA42FA1F8F000D5A2DF /* Debug */,
				A79D4AA52FA1F8F000D5A2DF /* Release */,
			);
			defaultConfigurationIsVisible = 0;
			defaultConfigurationName = Release;
		};
		AB00000000000000000012DF /* Build configuration list for PBXNativeTarget "ActualiUITests" */ = {
			isa = XCConfigurationList;
			buildConfigurations = (
				AB00000000000000000013DF /* Debug */,
				AB00000000000000000014DF /* Release */,
			);
			defaultConfigurationIsVisible = 0;
			defaultConfigurationName = Release;
		};
		AC00000000000000000008DF /* Build configuration list for PBXNativeTarget "ActualiWidgets" */ = {
			isa = XCConfigurationList;
			buildConfigurations = (
				AC00000000000000000009DF /* Debug */,
				AC0000000000000000000ADF /* Release */,
			);
			defaultConfigurationIsVisible = 0;
			defaultConfigurationName = Release;
		};
/* End XCConfigurationList section */

/* Begin XCRemoteSwiftPackageReference section */
		A7550BD22EE7B8F8007026DC /* XCRemoteSwiftPackageReference "GRDB" */ = {
			isa = XCRemoteSwiftPackageReference;
			repositoryURL = "https://github.com/groue/GRDB.swift";
			requirement = {
				branch = master;
				kind = branch;
			};
		};
		A7550BD72EE7B967007026DC /* XCRemoteSwiftPackageReference "swift-protobuf" */ = {
			isa = XCRemoteSwiftPackageReference;
			repositoryURL = "https://github.com/apple/swift-protobuf";
			requirement = {
				kind = upToNextMajorVersion;
				minimumVersion = 1.33.3;
			};
		};
		A7550BE42EE7BDFE007026DC /* XCRemoteSwiftPackageReference "ZIPFoundation" */ = {
			isa = XCRemoteSwiftPackageReference;
			repositoryURL = "https://github.com/weichsel/ZIPFoundation";
			requirement = {
				kind = upToNextMajorVersion;
				minimumVersion = 0.9.20;
			};
		};
/* End XCRemoteSwiftPackageReference section */

/* Begin XCSwiftPackageProductDependency section */
		A7550BD52EE7B8F8007026DC /* GRDB */ = {
			isa = XCSwiftPackageProductDependency;
			package = A7550BD22EE7B8F8007026DC /* XCRemoteSwiftPackageReference "GRDB" */;
			productName = GRDB;
		};
		A7550BD82EE7B967007026DC /* SwiftProtobuf */ = {
			isa = XCSwiftPackageProductDependency;
			package = A7550BD72EE7B967007026DC /* XCRemoteSwiftPackageReference "swift-protobuf" */;
			productName = SwiftProtobuf;
		};
		A7550BE52EE7BDFE007026DC /* ZIPFoundation */ = {
			isa = XCSwiftPackageProductDependency;
			package = A7550BE42EE7BDFE007026DC /* XCRemoteSwiftPackageReference "ZIPFoundation" */;
			productName = ZIPFoundation;
		};
/* End XCSwiftPackageProductDependency section */
	};
	rootObject = A7550B7E2EE7B4F7007026DC /* Project object */;
}
